
Microsoft Visual Studio Solution File, Format Version 12.00
# Visual Studio 15
VisualStudioVersion = 15.0.28307.168
MinimumVisualStudioVersion = 10.0.40219.1
Project("{FAE04EC0-301F-11D3-BF4B-00C04F79EFBC}") = "NativeMessagingHostJSON", "NativeMessagingHostJSON\NativeMessagingHostJSON.csproj", "{A7BDC333-C28D-4566-AFF6-58E266898E00}"
EndProject
Global
	GlobalSection(SolutionConfigurationPlatforms) = preSolution
		Debug|x86 = Debug|x86
		Release|x86 = Release|x86
	EndGlobalSection
	GlobalSection(ProjectConfigurationPlatforms) = postSolution
		{A7BDC333-C28D-4566-AFF6-58E266898E00}.Debug|x86.ActiveCfg = Debug|x86
		{A7BDC333-C28D-4566-AFF6-58E266898E00}.Debug|x86.Build.0 = Debug|x86
		{A7BDC333-C28D-4566-AFF6-58E266898E00}.Release|x86.ActiveCfg = Release|x86
		{A7BDC333-C28D-4566-AFF6-58E266898E00}.Release|x86.Build.0 = Release|x86
	EndGlobalSection
	GlobalSection(SolutionProperties) = preSolution
		HideSolutionNode = FALSE
	EndGlobalSection
	GlobalSection(ExtensibilityGlobals) = postSolution
		SolutionGuid = {DC11D008-B0EB-4617-8548-2AAE9016F683}
	EndGlobalSection
EndGlobal
